// !$*UTF8*$!
{
	archiveVersion = 1;
	classes = {
	};
	objectVersion = 77;
	objects = {

/* Begin PBXBuildFile section */
		A10000000000000000000001 /* PrismNativeApp.swift in Sources */ = {isa = PBXBuildFile; fileRef = A20000000000000000000001 /* PrismNativeApp.swift */; };
		A10000000000000000000002 /* ContentView.swift in Sources */ = {isa = PBXBuildFile; fileRef = A20000000000000000000002 /* ContentView.swift */; };
		A10000000000000000000003 /* PrismBridge.mm in Sources */ = {isa = PBXBuildFile; fileRef = A20000000000000000000004 /* PrismBridge.mm */; };
		A10000000000000000000004 /* PrismNativeIdentityTests.swift in Sources */ = {isa = PBXBuildFile; fileRef = A20000000000000000000007 /* PrismNativeIdentityTests.swift */; };
		A10000000000000000000005 /* PrismBridge.mm in Tests */ = {isa = PBXBuildFile; fileRef = A20000000000000000000004 /* PrismBridge.mm */; };
		A10000000000000000000006 /* PrismNativeTestSupport.swift in Sources */ = {isa = PBXBuildFile; fileRef = A20000000000000000000009 /* PrismNativeTestSupport.swift */; };
		A10000000000000000000007 /* PrismNativeInfrastructureTests.swift in Sources */ = {isa = PBXBuildFile; fileRef = A2000000000000000000000A /* PrismNativeInfrastructureTests.swift */; };
		A10000000000000000000008 /* PrismBridgeObservationTests.mm in Tests */ = {isa = PBXBuildFile; fileRef = A2000000000000000000000C /* PrismBridgeObservationTests.mm */; };
		A10000000000000000000009 /* PrismBridgeContractTests.mm in Tests */ = {isa = PBXBuildFile; fileRef = A2000000000000000000000E /* PrismBridgeContractTests.mm */; };
		A1000000000000000000000A /* PrismBridgeFacadeIntegrationTests.mm in Tests */ = {isa = PBXBuildFile; fileRef = A2000000000000000000000F /* PrismBridgeFacadeIntegrationTests.mm */; };
		A1000000000000000000000B /* PrismCommandModel.swift in Sources */ = {isa = PBXBuildFile; fileRef = A20000000000000000000010 /* PrismCommandModel.swift */; };
		A1000000000000000000000C /* PrismCommands.swift in Sources */ = {isa = PBXBuildFile; fileRef = A20000000000000000000011 /* PrismCommands.swift */; };
		A1000000000000000000000D /* PrismCommandTests.swift in Tests */ = {isa = PBXBuildFile; fileRef = A20000000000000000000012 /* PrismCommandTests.swift */; };
		A1000000000000000000000E /* PrismCommandModel.swift in Tests */ = {isa = PBXBuildFile; fileRef = A20000000000000000000010 /* PrismCommandModel.swift */; };
/* End PBXBuildFile section */

/* Begin PBXFileReference section */
		A20000000000000000000001 /* PrismNativeApp.swift */ = {isa = PBXFileReference; lastKnownFileType = sourcecode.swift; path = PrismNativeApp.swift; sourceTree = "<group>"; };
		A20000000000000000000002 /* ContentView.swift */ = {isa = PBXFileReference; lastKnownFileType = sourcecode.swift; path = ContentView.swift; sourceTree = "<group>"; };
		A20000000000000000000003 /* PrismBridge.h */ = {isa = PBXFileReference; lastKnownFileType = sourcecode.c.h; path = PrismBridge.h; sourceTree = "<group>"; };
		A20000000000000000000004 /* PrismBridge.mm */ = {isa = PBXFileReference; lastKnownFileType = sourcecode.cpp.objcpp; path = PrismBridge.mm; sourceTree = "<group>"; };
		A20000000000000000000005 /* PrismNative-Bridging-Header.h */ = {isa = PBXFileReference; lastKnownFileType = sourcecode.c.h; path = "PrismNative-Bridging-Header.h"; sourceTree = "<group>"; };
		A20000000000000000000006 /* Prism.app */ = {isa = PBXFileReference; explicitFileType = wrapper.application; includeInIndex = 0; path = Prism.app; sourceTree = BUILT_PRODUCTS_DIR; };
		A20000000000000000000007 /* PrismNativeIdentityTests.swift */ = {isa = PBXFileReference; lastKnownFileType = sourcecode.swift; path = PrismNativeIdentityTests.swift; sourceTree = "<group>"; };
		A20000000000000000000008 /* PrismNativeTests.xctest */ = {isa = PBXFileReference; explicitFileType = wrapper.cfbundle; includeInIndex = 0; path = PrismNativeTests.xctest; sourceTree = BUILT_PRODUCTS_DIR; };
		A20000000000000000000009 /* PrismNativeTestSupport.swift */ = {isa = PBXFileReference; lastKnownFileType = sourcecode.swift; path = PrismNativeTestSupport.swift; sourceTree = "<group>"; };
		A2000000000000000000000A /* PrismNativeInfrastructureTests.swift */ = {isa = PBXFileReference; lastKnownFileType = sourcecode.swift; path = PrismNativeInfrastructureTests.swift; sourceTree = "<group>"; };
		A2000000000000000000000B /* PrismBridgeModels.h */ = {isa = PBXFileReference; lastKnownFileType = sourcecode.c.h; path = PrismBridgeModels.h; sourceTree = "<group>"; };
		A2000000000000000000000C /* PrismBridgeObservationTests.mm */ = {isa = PBXFileReference; lastKnownFileType = sourcecode.cpp.objcpp; path = PrismBridgeObservationTests.mm; sourceTree = "<group>"; };
		A2000000000000000000000D /* PrismBridgeErrors.h */ = {isa = PBXFileReference; lastKnownFileType = sourcecode.c.h; path = PrismBridgeErrors.h; sourceTree = "<group>"; };
		A2000000000000000000000E /* PrismBridgeContractTests.mm */ = {isa = PBXFileReference; lastKnownFileType = sourcecode.cpp.objcpp; path = PrismBridgeContractTests.mm; sourceTree = "<group>"; };
		A2000000000000000000000F /* PrismBridgeFacadeIntegrationTests.mm */ = {isa = PBXFileReference; lastKnownFileType = sourcecode.cpp.objcpp; path = PrismBridgeFacadeIntegrationTests.mm; sourceTree = "<group>"; };
		A20000000000000000000010 /* PrismCommandModel.swift */ = {isa = PBXFileReference; lastKnownFileType = sourcecode.swift; path = PrismCommandModel.swift; sourceTree = "<group>"; };
		A20000000000000000000011 /* PrismCommands.swift */ = {isa = PBXFileReference; lastKnownFileType = sourcecode.swift; path = PrismCommands.swift; sourceTree = "<group>"; };
		A20000000000000000000012 /* PrismCommandTests.swift */ = {isa = PBXFileReference; lastKnownFileType = sourcecode.swift; path = PrismCommandTests.swift; sourceTree = "<group>"; };
/* End PBXFileReference section */

/* Begin PBXFrameworksBuildPhase section */
		A30000000000000000000001 /* Frameworks */ = {
			isa = PBXFrameworksBuildPhase;
			buildActionMask = 2147483647;
			files = (
			);
			runOnlyForDeploymentPostprocessing = 0;
		};
		A30000000000000000000002 /* Test Frameworks */ = {
			isa = PBXFrameworksBuildPhase;
			buildActionMask = 2147483647;
			files = (
			);
			runOnlyForDeploymentPostprocessing = 0;
		};
/* End PBXFrameworksBuildPhase section */

/* Begin PBXGroup section */
		A40000000000000000000001 = {
			isa = PBXGroup;
			children = (
				A40000000000000000000002 /* PrismNative */,
				A40000000000000000000006 /* PrismNativeTests */,
				A40000000000000000000005 /* Products */,
			);
			sourceTree = "<group>";
		};
		A40000000000000000000002 /* PrismNative */ = {
			isa = PBXGroup;
			children = (
				A40000000000000000000003 /* App */,
				A40000000000000000000004 /* Bridge */,
				A20000000000000000000005 /* PrismNative-Bridging-Header.h */,
			);
			path = PrismNative;
			sourceTree = "<group>";
		};
		A40000000000000000000003 /* App */ = {
			isa = PBXGroup;
			children = (
				A20000000000000000000001 /* PrismNativeApp.swift */,
				A20000000000000000000002 /* ContentView.swift */,
				A20000000000000000000010 /* PrismCommandModel.swift */,
				A20000000000000000000011 /* PrismCommands.swift */,
			);
			path = App;
			sourceTree = "<group>";
		};
		A40000000000000000000004 /* Bridge */ = {
			isa = PBXGroup;
			children = (
				A20000000000000000000003 /* PrismBridge.h */,
				A2000000000000000000000D /* PrismBridgeErrors.h */,
				A2000000000000000000000B /* PrismBridgeModels.h */,
				A20000000000000000000004 /* PrismBridge.mm */,
			);
			path = Bridge;
			sourceTree = "<group>";
		};
		A40000000000000000000005 /* Products */ = {
			isa = PBXGroup;
			children = (
				A20000000000000000000006 /* Prism.app */,
				A20000000000000000000008 /* PrismNativeTests.xctest */,
			);
			name = Products;
			sourceTree = "<group>";
		};
		A40000000000000000000006 /* PrismNativeTests */ = {
			isa = PBXGroup;
			children = (
				A20000000000000000000007 /* PrismNativeIdentityTests.swift */,
				A20000000000000000000009 /* PrismNativeTestSupport.swift */,
				A2000000000000000000000A /* PrismNativeInfrastructureTests.swift */,
				A2000000000000000000000C /* PrismBridgeObservationTests.mm */,
				A2000000000000000000000E /* PrismBridgeContractTests.mm */,
				A2000000000000000000000F /* PrismBridgeFacadeIntegrationTests.mm */,
				A20000000000000000000012 /* PrismCommandTests.swift */,
			);
			path = PrismNativeTests;
			sourceTree = "<group>";
		};
/* End PBXGroup section */

/* Begin PBXNativeTarget section */
		A50000000000000000000001 /* PrismNative */ = {
			isa = PBXNativeTarget;
			buildConfigurationList = A80000000000000000000002 /* Build configuration list for PBXNativeTarget "PrismNative" */;
			buildPhases = (
				A60000000000000000000001 /* Sources */,
				A30000000000000000000001 /* Frameworks */,
				A60000000000000000000002 /* Resources */,
			);
			buildRules = (
			);
			dependencies = (
			);
			name = PrismNative;
			productName = Prism;
			productReference = A20000000000000000000006 /* Prism.app */;
			productType = "com.apple.product-type.application";
		};
		A50000000000000000000002 /* PrismNativeTests */ = {
			isa = PBXNativeTarget;
			buildConfigurationList = A80000000000000000000003 /* Build configuration list for PBXNativeTarget "PrismNativeTests" */;
			buildPhases = (
				A60000000000000000000003 /* Test Sources */,
				A30000000000000000000002 /* Test Frameworks */,
				A60000000000000000000004 /* Test Resources */,
			);
			buildRules = (
			);
			dependencies = (
				A70000000000000000000002 /* PrismNative target dependency */,
			);
			name = PrismNativeTests;
			productName = PrismNativeTests;
			productReference = A20000000000000000000008 /* PrismNativeTests.xctest */;
			productType = "com.apple.product-type.bundle.unit-test";
		};
/* End PBXNativeTarget section */

/* Begin PBXProject section */
		A70000000000000000000001 /* Project object */ = {
			isa = PBXProject;
			attributes = {
				BuildIndependentTargetsInParallel = 1;
				LastSwiftUpdateCheck = 2660;
				LastUpgradeCheck = 2660;
				TargetAttributes = {
					A50000000000000000000001 = {
						CreatedOnToolsVersion = 26.6;
					};
					A50000000000000000000002 = {
						CreatedOnToolsVersion = 26.6;
						TestTargetID = A50000000000000000000001;
					};
				};
			};
			buildConfigurationList = A80000000000000000000001 /* Build configuration list for PBXProject "PrismNative" */;
			developmentRegion = en;
			hasScannedForEncodings = 0;
			knownRegions = (
				en,
				Base,
			);
			mainGroup = A40000000000000000000001;
			preferredProjectObjectVersion = 77;
			productRefGroup = A40000000000000000000005 /* Products */;
			projectDirPath = "";
			projectRoot = "";
			targets = (
				A50000000000000000000001 /* PrismNative */,
				A50000000000000000000002 /* PrismNativeTests */,
			);
		};
/* End PBXProject section */

/* Begin PBXResourcesBuildPhase section */
		A60000000000000000000002 /* Resources */ = {
			isa = PBXResourcesBuildPhase;
			buildActionMask = 2147483647;
			files = (
			);
			runOnlyForDeploymentPostprocessing = 0;
		};
		A60000000000000000000003 /* Test Sources */ = {
			isa = PBXSourcesBuildPhase;
			buildActionMask = 2147483647;
			files = (
				A10000000000000000000004 /* PrismNativeIdentityTests.swift in Sources */,
				A10000000000000000000005 /* PrismBridge.mm in Tests */,
				A10000000000000000000006 /* PrismNativeTestSupport.swift in Sources */,
				A10000000000000000000007 /* PrismNativeInfrastructureTests.swift in Sources */,
				A10000000000000000000008 /* PrismBridgeObservationTests.mm in Tests */,
				A10000000000000000000009 /* PrismBridgeContractTests.mm in Tests */,
				A1000000000000000000000A /* PrismBridgeFacadeIntegrationTests.mm in Tests */,
				A1000000000000000000000D /* PrismCommandTests.swift in Tests */,
				A1000000000000000000000E /* PrismCommandModel.swift in Tests */,
			);
			runOnlyForDeploymentPostprocessing = 0;
		};
		A60000000000000000000004 /* Test Resources */ = {
			isa = PBXResourcesBuildPhase;
			buildActionMask = 2147483647;
			files = (
			);
			runOnlyForDeploymentPostprocessing = 0;
		};
/* End PBXResourcesBuildPhase section */

/* Begin PBXSourcesBuildPhase section */
		A60000000000000000000001 /* Sources */ = {
			isa = PBXSourcesBuildPhase;
			buildActionMask = 2147483647;
			files = (
				A10000000000000000000001 /* PrismNativeApp.swift in Sources */,
				A10000000000000000000002 /* ContentView.swift in Sources */,
				A10000000000000000000003 /* PrismBridge.mm in Sources */,
				A1000000000000000000000B /* PrismCommandModel.swift in Sources */,
				A1000000000000000000000C /* PrismCommands.swift in Sources */,
			);
			runOnlyForDeploymentPostprocessing = 0;
		};
/* End PBXSourcesBuildPhase section */

/* Begin XCBuildConfiguration section */
		A90000000000000000000001 /* Debug */ = {
			isa = XCBuildConfiguration;
			buildSettings = {
				ALWAYS_SEARCH_USER_PATHS = NO;
				CLANG_ENABLE_OBJC_ARC = YES;
				CLANG_CXX_LANGUAGE_STANDARD = "c++20";
				CLANG_CXX_LIBRARY = "libc++";
				HEADER_SEARCH_PATHS = ("$(inherited)", "$(SRCROOT)/../launcher/frontend");
				LIBRARY_SEARCH_PATHS = ("$(inherited)", "$(PRISM_FRONTEND_LIBRARY_DIR)");
				MACOSX_DEPLOYMENT_TARGET = 14.0;
				OTHER_LDFLAGS = ("$(inherited)", "-lLauncher_frontend");
				PRISM_FRONTEND_LIBRARY_DIR = "$(SRCROOT)/../.deriveddata-prism-native-backend";
				SDKROOT = macosx;
				SWIFT_VERSION = 6.0;
			};
			name = Debug;
		};
		A90000000000000000000002 /* Release */ = {
			isa = XCBuildConfiguration;
			buildSettings = {
				ALWAYS_SEARCH_USER_PATHS = NO;
				CLANG_ENABLE_OBJC_ARC = YES;
				CLANG_CXX_LANGUAGE_STANDARD = "c++20";
				CLANG_CXX_LIBRARY = "libc++";
				HEADER_SEARCH_PATHS = ("$(inherited)", "$(SRCROOT)/../launcher/frontend");
				LIBRARY_SEARCH_PATHS = ("$(inherited)", "$(PRISM_FRONTEND_LIBRARY_DIR)");
				MACOSX_DEPLOYMENT_TARGET = 14.0;
				OTHER_LDFLAGS = ("$(inherited)", "-lLauncher_frontend");
				PRISM_FRONTEND_LIBRARY_DIR = "$(SRCROOT)/../.deriveddata-prism-native-backend";
				SDKROOT = macosx;
				SWIFT_VERSION = 6.0;
			};
			name = Release;
		};
		A90000000000000000000003 /* Debug */ = {
			isa = XCBuildConfiguration;
			buildSettings = {
				ASSETCATALOG_COMPILER_APPICON_NAME = AppIcon;
				CODE_SIGN_STYLE = Automatic;
				COMBINE_HIDPI_IMAGES = YES;
				CURRENT_PROJECT_VERSION = 1;
				ENABLE_HARDENED_RUNTIME = YES;
				GENERATE_INFOPLIST_FILE = YES;
				INFOPLIST_KEY_CFBundleDisplayName = Prism;
				INFOPLIST_KEY_LSApplicationCategoryType = "public.app-category.games";
				MARKETING_VERSION = 0.1.0;
				PRODUCT_BUNDLE_IDENTIFIER = com.lloydME.Prism;
				PRODUCT_NAME = Prism;
				SUPPORTED_PLATFORMS = macosx;
				SWIFT_OBJC_BRIDGING_HEADER = "PrismNative/PrismNative-Bridging-Header.h";
				SWIFT_STRICT_CONCURRENCY = complete;
			};
			name = Debug;
		};
		A90000000000000000000004 /* Release */ = {
			isa = XCBuildConfiguration;
			buildSettings = {
				ASSETCATALOG_COMPILER_APPICON_NAME = AppIcon;
				CODE_SIGN_STYLE = Automatic;
				COMBINE_HIDPI_IMAGES = YES;
				CURRENT_PROJECT_VERSION = 1;
				ENABLE_HARDENED_RUNTIME = YES;
				GENERATE_INFOPLIST_FILE = YES;
				INFOPLIST_KEY_CFBundleDisplayName = Prism;
				INFOPLIST_KEY_LSApplicationCategoryType = "public.app-category.games";
				MARKETING_VERSION = 0.1.0;
				PRODUCT_BUNDLE_IDENTIFIER = com.lloydME.Prism;
				PRODUCT_NAME = Prism;
				SUPPORTED_PLATFORMS = macosx;
				SWIFT_OBJC_BRIDGING_HEADER = "PrismNative/PrismNative-Bridging-Header.h";
				SWIFT_STRICT_CONCURRENCY = complete;
			};
			name = Release;
		};
		A90000000000000000000005 /* Debug */ = {
			isa = XCBuildConfiguration;
			buildSettings = {
				ALWAYS_SEARCH_USER_PATHS = NO;
				CLANG_ENABLE_OBJC_ARC = YES;
				GENERATE_INFOPLIST_FILE = YES;
				MACOSX_DEPLOYMENT_TARGET = 14.0;
				PRODUCT_BUNDLE_IDENTIFIER = com.lloydME.PrismTests;
				PRODUCT_NAME = PrismNativeTests;
				SDKROOT = macosx;
				SWIFT_OBJC_BRIDGING_HEADER = "PrismNative/PrismNative-Bridging-Header.h";
				SWIFT_VERSION = 6.0;
			};
			name = Debug;
		};
		A90000000000000000000006 /* Release */ = {
			isa = XCBuildConfiguration;
			buildSettings = {
				ALWAYS_SEARCH_USER_PATHS = NO;
				CLANG_ENABLE_OBJC_ARC = YES;
				GENERATE_INFOPLIST_FILE = YES;
				MACOSX_DEPLOYMENT_TARGET = 14.0;
				PRODUCT_BUNDLE_IDENTIFIER = com.lloydME.PrismTests;
				PRODUCT_NAME = PrismNativeTests;
				SDKROOT = macosx;
				SWIFT_OBJC_BRIDGING_HEADER = "PrismNative/PrismNative-Bridging-Header.h";
				SWIFT_VERSION = 6.0;
			};
			name = Release;
		};
/* End XCBuildConfiguration section */

/* Begin XCConfigurationList section */
		A80000000000000000000001 /* Build configuration list for PBXProject "PrismNative" */ = {
			isa = XCConfigurationList;
			buildConfigurations = (
				A90000000000000000000001 /* Debug */,
				A90000000000000000000002 /* Release */,
			);
			defaultConfigurationIsVisible = 0;
			defaultConfigurationName = Release;
		};
		A80000000000000000000002 /* Build configuration list for PBXNativeTarget "PrismNative" */ = {
			isa = XCConfigurationList;
			buildConfigurations = (
				A90000000000000000000003 /* Debug */,
				A90000000000000000000004 /* Release */,
			);
			defaultConfigurationIsVisible = 0;
			defaultConfigurationName = Release;
		};
		A80000000000000000000003 /* Build configuration list for PBXNativeTarget "PrismNativeTests" */ = {
			isa = XCConfigurationList;
			buildConfigurations = (
				A90000000000000000000005 /* Debug */,
				A90000000000000000000006 /* Release */,
			);
			defaultConfigurationIsVisible = 0;
			defaultConfigurationName = Release;
		};
/* End XCConfigurationList section */

/* Begin PBXContainerItemProxy section */
		A70000000000000000000003 /* PrismNative target proxy */ = {
			isa = PBXContainerItemProxy;
			containerPortal = A70000000000000000000001 /* Project object */;
			proxyType = 1;
			remoteGlobalIDString = A50000000000000000000001;
			remoteInfo = PrismNative;
		};
/* End PBXContainerItemProxy section */

/* Begin PBXTargetDependency section */
		A70000000000000000000002 /* PrismNative target dependency */ = {
			isa = PBXTargetDependency;
			target = A50000000000000000000001 /* PrismNative */;
			targetProxy = A70000000000000000000003 /* PrismNative target proxy */;
		};
/* End PBXTargetDependency section */
	};
	rootObject = A70000000000000000000001 /* Project object */;
}
